
Microsoft Visual Studio Solution File, Format Version 12.00
# Visual Studio Version 17
VisualStudioVersion = 17.12.35527.113 d17.12
MinimumVisualStudioVersion = 10.0.40219.1
Project("{FAE04EC0-301F-11D3-BF4B-00C04F79EFBC}") = "SODV1202-ConnectFour", "SODV1202-ConnectFour\SODV1202-ConnectFour.csproj", "{4487392D-7A7E-4F74-8C9C-725C8F3F2623}"
EndProject
Global
	GlobalSection(SolutionConfigurationPlatforms) = preSolution
		Debug|Any CPU = Debug|Any CPU
		Release|Any CPU = Release|Any CPU
	EndGlobalSection
	GlobalSection(ProjectConfigurationPlatforms) = postSolution
		{4487392D-7A7E-4F74-8C9C-725C8F3F2623}.Debug|Any CPU.ActiveCfg = Debug|Any CPU
		{4487392D-7A7E-4F74-8C9C-725C8F3F2623}.Debug|Any CPU.Build.0 = Debug|Any CPU
		{4487392D-7A7E-4F74-8C9C-725C8F3F2623}.Release|Any CPU.ActiveCfg = Release|Any CPU
		{4487392D-7A7E-4F74-8C9C-725C8F3F2623}.Release|Any CPU.Build.0 = Release|Any CPU
	EndGlobalSection
	GlobalSection(SolutionProperties) = preSolution
		HideSolutionNode = FALSE
	EndGlobalSection
EndGlobal
